
Microsoft Visual Studio Solution File, Format Version 12.00
# Visual Studio Version 16
VisualStudioVersion = 25.0.1705.4
MinimumVisualStudioVersion = 10.0.40219.1
Project("{FAE04EC0-301F-11D3-BF4B-00C04F79EFBC}") = "StomatoloskaPoliklinika", "StomatoloskaPoliklinika\StomatoloskaPoliklinika.csproj", "{4043E52C-9600-4C94-9358-6B5F75C14817}"
EndProject
Global
	GlobalSection(SolutionConfigurationPlatforms) = preSolution
		Debug|Any CPU = Debug|Any CPU
		Release|Any CPU = Release|Any CPU
	EndGlobalSection
	GlobalSection(ProjectConfigurationPlatforms) = postSolution
		{4043E52C-9600-4C94-9358-6B5F75C14817}.Debug|Any CPU.ActiveCfg = Debug|Any CPU
		{4043E52C-9600-4C94-9358-6B5F75C14817}.Debug|Any CPU.Build.0 = Debug|Any CPU
		{4043E52C-9600-4C94-9358-6B5F75C14817}.Release|Any CPU.ActiveCfg = Release|Any CPU
		{4043E52C-9600-4C94-9358-6B5F75C14817}.Release|Any CPU.Build.0 = Release|Any CPU
	EndGlobalSection
	GlobalSection(SolutionProperties) = preSolution
		HideSolutionNode = FALSE
	EndGlobalSection
	GlobalSection(ExtensibilityGlobals) = postSolution
		SolutionGuid = {91414458-9ED0-48E9-BA84-1970272E56B3}
	EndGlobalSection
EndGlobal
